{
  "object": {
    "pins": [
      {
        "package": "PDF-Generator",
        "repositoryURL": "https://github.com/NazarWelkakayew/PDF-Generator",
        "state": {
          "branch": "main",
          "revision": "652a486d2eae140a51fc9abed409099c481b30e1",
          "version": null
        }
      }
    ]
  },
  "version": 1
}
