{
  "originHash" : "fe694c91eddeab6fdec494569c73eda3b3f1cb0aab862af0f000eac8f5232a48",
  "pins" : [
    {
      "identity" : "pdf-generator",
      "kind" : "remoteSourceControl",
      "location" : "https://github.com/NazarWelkakayew/PDF-Generator",
      "state" : {
        "branch" : "main",
        "revision" : "ac7c01d67d51e1382d8ac43b2edef2c0718719c6"
      }
    }
  ],
  "version" : 3
}
